
Microsoft Visual Studio Solution File, Format Version 12.00
# Visual Studio 15
VisualStudioVersion = 15.0.27130.2027
MinimumVisualStudioVersion = 10.0.40219.1
Project("{FAE04EC0-301F-11D3-BF4B-00C04F79EFBC}") = "ANDDigitalTest", "ANDDigitalTest\ANDDigitalTest.csproj", "{49F0BD8C-F31D-4853-9A78-C3D76F3818D6}"
EndProject
Project("{FAE04EC0-301F-11D3-BF4B-00C04F79EFBC}") = "ANDDigitalTest.Tests", "ANDDigitalTest.Tests\ANDDigitalTest.Tests.csproj", "{017D5F14-9513-4EA4-BE2D-F37E6DF59947}"
EndProject
Global
	GlobalSection(SolutionConfigurationPlatforms) = preSolution
		Debug|Any CPU = Debug|Any CPU
		Release|Any CPU = Release|Any CPU
	EndGlobalSection
	GlobalSection(ProjectConfigurationPlatforms) = postSolution
		{49F0BD8C-F31D-4853-9A78-C3D76F3818D6}.Debug|Any CPU.ActiveCfg = Debug|Any CPU
		{49F0BD8C-F31D-4853-9A78-C3D76F3818D6}.Debug|Any CPU.Build.0 = Debug|Any CPU
		{49F0BD8C-F31D-4853-9A78-C3D76F3818D6}.Release|Any CPU.ActiveCfg = Release|Any CPU
		{49F0BD8C-F31D-4853-9A78-C3D76F3818D6}.Release|Any CPU.Build.0 = Release|Any CPU
		{017D5F14-9513-4EA4-BE2D-F37E6DF59947}.Debug|Any CPU.ActiveCfg = Debug|Any CPU
		{017D5F14-9513-4EA4-BE2D-F37E6DF59947}.Debug|Any CPU.Build.0 = Debug|Any CPU
		{017D5F14-9513-4EA4-BE2D-F37E6DF59947}.Release|Any CPU.ActiveCfg = Release|Any CPU
		{017D5F14-9513-4EA4-BE2D-F37E6DF59947}.Release|Any CPU.Build.0 = Release|Any CPU
	EndGlobalSection
	GlobalSection(SolutionProperties) = preSolution
		HideSolutionNode = FALSE
	EndGlobalSection
	GlobalSection(ExtensibilityGlobals) = postSolution
		SolutionGuid = {A9FB6D1A-A13F-4FDB-84E4-CD9D0E2B108B}
	EndGlobalSection
EndGlobal
